Microsoft Visual Studio Solution File, Format Version 12.00
# Visual Studio Version 17
VisualStudioVersion = 17.5.2.0
MinimumVisualStudioVersion = 10.0.40219.1
Project("{FAE04EC0-301F-11D3-BF4B-00C04F79EFBC}") = "uppgift2.1", "uppgift2.1\uppgift2.1.csproj", "{2A78C015-4111-ABEE-688A-005468D596D9}"
EndProject
Project("{FAE04EC0-301F-11D3-BF4B-00C04F79EFBC}") = "uppgift2.2", "uppgift2.2\uppgift2.2.csproj", "{8601A70B-4BC4-AEBC-1EBB-30D02F7DFC8D}"
EndProject
Global
	GlobalSection(SolutionConfigurationPlatforms) = preSolution
		Debug|Any CPU = Debug|Any CPU
		Release|Any CPU = Release|Any CPU
	EndGlobalSection
	GlobalSection(ProjectConfigurationPlatforms) = postSolution
		{2A78C015-4111-ABEE-688A-005468D596D9}.Debug|Any CPU.ActiveCfg = Debug|Any CPU
		{2A78C015-4111-ABEE-688A-005468D596D9}.Debug|Any CPU.Build.0 = Debug|Any CPU
		{2A78C015-4111-ABEE-688A-005468D596D9}.Release|Any CPU.ActiveCfg = Release|Any CPU
		{2A78C015-4111-ABEE-688A-005468D596D9}.Release|Any CPU.Build.0 = Release|Any CPU
		{8601A70B-4BC4-AEBC-1EBB-30D02F7DFC8D}.Debug|Any CPU.ActiveCfg = Debug|Any CPU
		{8601A70B-4BC4-AEBC-1EBB-30D02F7DFC8D}.Debug|Any CPU.Build.0 = Debug|Any CPU
		{8601A70B-4BC4-AEBC-1EBB-30D02F7DFC8D}.Release|Any CPU.ActiveCfg = Release|Any CPU
		{8601A70B-4BC4-AEBC-1EBB-30D02F7DFC8D}.Release|Any CPU.Build.0 = Release|Any CPU
	EndGlobalSection
	GlobalSection(SolutionProperties) = preSolution
		HideSolutionNode = FALSE
	EndGlobalSection
	GlobalSection(ExtensibilityGlobals) = postSolution
		SolutionGuid = {263807B2-2229-43C7-A3FB-2137C18C31C4}
	EndGlobalSection
EndGlobal
